
Microsoft Visual Studio Solution File, Format Version 12.00
# Visual Studio Version 16
VisualStudioVersion = 16.0.33027.164
MinimumVisualStudioVersion = 10.0.40219.1
Project("{FAE04EC0-301F-11D3-BF4B-00C04F79EFBC}") = "testgit2019", "testgit2019\testgit2019.csproj", "{2B7E5A66-A5E9-48FC-AA83-4DBD2CAF6CEC}"
EndProject
Global
	GlobalSection(SolutionConfigurationPlatforms) = preSolution
		Debug|Any CPU = Debug|Any CPU
		Release|Any CPU = Release|Any CPU
	EndGlobalSection
	GlobalSection(ProjectConfigurationPlatforms) = postSolution
		{2B7E5A66-A5E9-48FC-AA83-4DBD2CAF6CEC}.Debug|Any CPU.ActiveCfg = Debug|Any CPU
		{2B7E5A66-A5E9-48FC-AA83-4DBD2CAF6CEC}.Debug|Any CPU.Build.0 = Debug|Any CPU
		{2B7E5A66-A5E9-48FC-AA83-4DBD2CAF6CEC}.Release|Any CPU.ActiveCfg = Release|Any CPU
		{2B7E5A66-A5E9-48FC-AA83-4DBD2CAF6CEC}.Release|Any CPU.Build.0 = Release|Any CPU
	EndGlobalSection
	GlobalSection(SolutionProperties) = preSolution
		HideSolutionNode = FALSE
	EndGlobalSection
	GlobalSection(ExtensibilityGlobals) = postSolution
		SolutionGuid = {AC08EEAA-F5FD-4432-A2B2-2146963539FE}
	EndGlobalSection
EndGlobal
